// !$*UTF8*$!
{
	archiveVersion = 1;
	classes = {
	};
	objectVersion = 46;
	objects = {

/* Begin PBXBuildFile section */
		0361DF74192E78A300386F4A /* XCTest.framework in Frameworks */ = {isa = PBXBuildFile; fileRef = 94D59AE3192C06A400A8E6F8 /* XCTest.framework */; };
		0361DF75192E7A3100386F4A /* TFFeatureTests.m in Sources */ = {isa = PBXBuildFile; fileRef = 31DE5F5402791C18DB3F2116 /* TFFeatureTests.m */; };
		0361DF76192E8D9C00386F4A /* TFFeature.m in Sources */ = {isa = PBXBuildFile; fileRef = 31DE5C0B269CCB85AD073BC8 /* TFFeature.m */; };
		202A6209192D613000A0E84F /* TFPoint.m in Sources */ = {isa = PBXBuildFile; fileRef = 202A6208192D613000A0E84F /* TFPoint.m */; };
		31DE52725BC7EBA01CB8148D /* TFPointTests.m in Sources */ = {isa = PBXBuildFile; fileRef = 31DE543BBE86E425E6A8187A /* TFPointTests.m */; };
		31DE58BB58955B8CCFB3DEDD /* TFFeatureCollectionTests.m in Sources */ = {isa = PBXBuildFile; fileRef = 31DE57BB9C33BFABB67055A4 /* TFFeatureCollectionTests.m */; };
		48838E5A192EB2A400EB093A /* TFGeometryCollection.m in Sources */ = {isa = PBXBuildFile; fileRef = 48838E59192EB2A400EB093A /* TFGeometryCollection.m */; };
		4890CBF5192EBFF200C467DF /* TFMultiPolygon.m in Sources */ = {isa = PBXBuildFile; fileRef = 4890CBF4192EBFF200C467DF /* TFMultiPolygon.m */; };
		48A3A25D1934F67B0019B082 /* TFMultiPolygonTests.m in Sources */ = {isa = PBXBuildFile; fileRef = 48A3A25C1934F67B0019B082 /* TFMultiPolygonTests.m */; };
		48CFCC96192D632D00028043 /* TFPolygonTests.m in Sources */ = {isa = PBXBuildFile; fileRef = 48CFCC95192D632D00028043 /* TFPolygonTests.m */; };
		67EF200D6ADE1BDBA36761B1 /* multi_line_string.geojson in Resources */ = {isa = PBXBuildFile; fileRef = 67EF22D834EFF66C1AF21827 /* multi_line_string.geojson */; };
		67EF219FDD0D2A56029B6348 /* multi_polygon.geojson in Resources */ = {isa = PBXBuildFile; fileRef = 67EF2ED4200B7451704252E0 /* multi_polygon.geojson */; };
		67EF21B91B4EA6C012B4118A /* TFFeatureCollection.m in Sources */ = {isa = PBXBuildFile; fileRef = 67EF26A11957E87AD8EDC4C4 /* TFFeatureCollection.m */; };
		67EF25A576B14158165C3837 /* multi_point.geojson in Resources */ = {isa = PBXBuildFile; fileRef = 67EF2101559A2387C063F19D /* multi_point.geojson */; };
		67EF26771008039AF67B5DDB /* TFGeometryCollectionTests.m in Sources */ = {isa = PBXBuildFile; fileRef = 67EF2721182CD736DD336732 /* TFGeometryCollectionTests.m */; };
		67EF2700606A41D6FCA3903F /* sf_county.geojson in Resources */ = {isa = PBXBuildFile; fileRef = 67EF285E136E3BF5420C54FD /* sf_county.geojson */; };
		67EF2906986B35C50D830C30 /* TFTestData.m in Sources */ = {isa = PBXBuildFile; fileRef = 67EF2FC8C882856E440EDC05 /* TFTestData.m */; };
		67EF296C8D721692F43BAA49 /* polygon_with_holes.geojson in Resources */ = {isa = PBXBuildFile; fileRef = 67EF2C10441390000B24FECB /* polygon_with_holes.geojson */; };
		67EF297F0C5C03245D795EBF /* geometry_collection.geojson in Resources */ = {isa = PBXBuildFile; fileRef = 67EF27425FADD76487F656ED /* geometry_collection.geojson */; };
		67EF29971599F34BC9D69241 /* point.geojson in Resources */ = {isa = PBXBuildFile; fileRef = 67EF2DE349CFB816B9FD0C25 /* point.geojson */; };
		67EF29AA640A6861CE06D534 /* circle.geojson in Resources */ = {isa = PBXBuildFile; fileRef = 67EF20CA053EDF8FC9907611 /* circle.geojson */; };
		67EF29AD81CC2928D4623CB5 /* TFCoordinate.m in Sources */ = {isa = PBXBuildFile; fileRef = 67EF2B866248864DF38AF06A /* TFCoordinate.m */; };
		67EF2AC8095A07EA5B67E0C2 /* waldocanyon.geojson in Resources */ = {isa = PBXBuildFile; fileRef = 67EF2B2CA923602939919F11 /* waldocanyon.geojson */; };
		67EF2B1FC0A399C1BD3B01ED /* polygon.geojson in Resources */ = {isa = PBXBuildFile; fileRef = 67EF2D5294B9D6CAA2352949 /* polygon.geojson */; };
		67EF2BB2F667FDF33F4020F4 /* TFGeometryTests.m in Sources */ = {isa = PBXBuildFile; fileRef = 67EF22635E82A1E8D9306C4B /* TFGeometryTests.m */; };
		67EF2F69CA9AD6B532E24B8D /* line_string.geojson in Resources */ = {isa = PBXBuildFile; fileRef = 67EF2CC1028B09B2FC1D13D5 /* line_string.geojson */; };
		9442E128192C180100CAC58B /* TFGeometry.m in Sources */ = {isa = PBXBuildFile; fileRef = 9442E127192C180100CAC58B /* TFGeometry.m */; };
		9442E12B192C183E00CAC58B /* TFPolygon.m in Sources */ = {isa = PBXBuildFile; fileRef = 9442E12A192C183E00CAC58B /* TFPolygon.m */; };
		949E5406192D3A110095526D /* TFGeometry+Protected.m in Sources */ = {isa = PBXBuildFile; fileRef = 200B46A3192C2308009C5B22 /* TFGeometry+Protected.m */; };
		94D59AD6192C06A400A8E6F8 /* Foundation.framework in Frameworks */ = {isa = PBXBuildFile; fileRef = 94D59AD5192C06A400A8E6F8 /* Foundation.framework */; };
		94D59ADB192C06A400A8E6F8 /* Terraformer.h in CopyFiles */ = {isa = PBXBuildFile; fileRef = 94D59ADA192C06A400A8E6F8 /* Terraformer.h */; };
		94D59ADD192C06A400A8E6F8 /* Terraformer.m in Sources */ = {isa = PBXBuildFile; fileRef = 94D59ADC192C06A400A8E6F8 /* Terraformer.m */; };
		94D59AE5192C06A400A8E6F8 /* Foundation.framework in Frameworks */ = {isa = PBXBuildFile; fileRef = 94D59AD5192C06A400A8E6F8 /* Foundation.framework */; };
		94D59AEA192C06A400A8E6F8 /* libTerraformer.a in Frameworks */ = {isa = PBXBuildFile; fileRef = 94D59AD2192C06A400A8E6F8 /* libTerraformer.a */; };
		94D59AF0192C06A400A8E6F8 /* InfoPlist.strings in Resources */ = {isa = PBXBuildFile; fileRef = 94D59AEE192C06A400A8E6F8 /* InfoPlist.strings */; };
		94D59AF2192C06A400A8E6F8 /* TerraformerTests.m in Sources */ = {isa = PBXBuildFile; fileRef = 94D59AF1192C06A400A8E6F8 /* TerraformerTests.m */; };
		BD9F7F521934F87E0037C015 /* TFMultiLineString.m in Sources */ = {isa = PBXBuildFile; fileRef = BD9F7F511934F87E0037C015 /* TFMultiLineString.m */; };
		BD9F7F54193536940037C015 /* TFMultiLineStringTests.m in Sources */ = {isa = PBXBuildFile; fileRef = BD9F7F53193536940037C015 /* TFMultiLineStringTests.m */; };
		BDED1CA7192D3730005F7477 /* TFLineString.m in Sources */ = {isa = PBXBuildFile; fileRef = BDED1CA6192D3730005F7477 /* TFLineString.m */; };
		BDED1CA9192D5677005F7477 /* TFLineStringTests.m in Sources */ = {isa = PBXBuildFile; fileRef = BDED1CA8192D5677005F7477 /* TFLineStringTests.m */; };
		BDED1CAB192D5EAF005F7477 /* TFCoordinateTests.m in Sources */ = {isa = PBXBuildFile; fileRef = BDED1CAA192D5EAF005F7477 /* TFCoordinateTests.m */; };
/* End PBXBuildFile section */

/* Begin PBXContainerItemProxy section */
		94D59AE8192C06A400A8E6F8 /* PBXContainerItemProxy */ = {
			isa = PBXContainerItemProxy;
			containerPortal = 94D59ACA192C06A400A8E6F8 /* Project object */;
			proxyType = 1;
			remoteGlobalIDString = 94D59AD1192C06A400A8E6F8;
			remoteInfo = Terraformer;
		};
/* End PBXContainerItemProxy section */

/* Begin PBXCopyFilesBuildPhase section */
		94D59AD0192C06A400A8E6F8 /* CopyFiles */ = {
			isa = PBXCopyFilesBuildPhase;
			buildActionMask = 2147483647;
			dstPath = "include/$(PRODUCT_NAME)";
			dstSubfolderSpec = 16;
			files = (
				94D59ADB192C06A400A8E6F8 /* Terraformer.h in CopyFiles */,
			);
			runOnlyForDeploymentPostprocessing = 0;
		};
/* End PBXCopyFilesBuildPhase section */

/* Begin PBXFileReference section */
		200B46A2192C2308009C5B22 /* TFGeometry+Protected.h */ = {isa = PBXFileReference; fileEncoding = 4; lastKnownFileType = sourcecode.c.h; path = "TFGeometry+Protected.h"; sourceTree = "<group>"; };
		200B46A3192C2308009C5B22 /* TFGeometry+Protected.m */ = {isa = PBXFileReference; fileEncoding = 4; lastKnownFileType = sourcecode.c.objc; path = "TFGeometry+Protected.m"; sourceTree = "<group>"; };
		202A6207192D613000A0E84F /* TFPoint.h */ = {isa = PBXFileReference; fileEncoding = 4; lastKnownFileType = sourcecode.c.h; path = TFPoint.h; sourceTree = "<group>"; };
		202A6208192D613000A0E84F /* TFPoint.m */ = {isa = PBXFileReference; fileEncoding = 4; lastKnownFileType = sourcecode.c.objc; path = TFPoint.m; sourceTree = "<group>"; };
		31DE543BBE86E425E6A8187A /* TFPointTests.m */ = {isa = PBXFileReference; fileEncoding = 4; lastKnownFileType = sourcecode.c.objc; path = TFPointTests.m; sourceTree = "<group>"; };
		31DE5473CC8C338AB093CBD2 /* TFFeature.h */ = {isa = PBXFileReference; fileEncoding = 4; lastKnownFileType = sourcecode.c.h; path = TFFeature.h; sourceTree = "<group>"; };
		31DE57BB9C33BFABB67055A4 /* TFFeatureCollectionTests.m */ = {isa = PBXFileReference; fileEncoding = 4; lastKnownFileType = sourcecode.c.objc; path = TFFeatureCollectionTests.m; sourceTree = "<group>"; };
		31DE5C0B269CCB85AD073BC8 /* TFFeature.m */ = {isa = PBXFileReference; fileEncoding = 4; lastKnownFileType = sourcecode.c.objc; path = TFFeature.m; sourceTree = "<group>"; };
		31DE5F5402791C18DB3F2116 /* TFFeatureTests.m */ = {isa = PBXFileReference; fileEncoding = 4; lastKnownFileType = sourcecode.c.objc; path = TFFeatureTests.m; sourceTree = "<group>"; };
		48838E58192EB2A400EB093A /* TFGeometryCollection.h */ = {isa = PBXFileReference; fileEncoding = 4; lastKnownFileType = sourcecode.c.h; path = TFGeometryCollection.h; sourceTree = "<group>"; };
		48838E59192EB2A400EB093A /* TFGeometryCollection.m */ = {isa = PBXFileReference; fileEncoding = 4; lastKnownFileType = sourcecode.c.objc; path = TFGeometryCollection.m; sourceTree = "<group>"; };
		4890CBF3192EBFF200C467DF /* TFMultiPolygon.h */ = {isa = PBXFileReference; fileEncoding = 4; lastKnownFileType = sourcecode.c.h; path = TFMultiPolygon.h; sourceTree = "<group>"; };
		4890CBF4192EBFF200C467DF /* TFMultiPolygon.m */ = {isa = PBXFileReference; fileEncoding = 4; lastKnownFileType = sourcecode.c.objc; path = TFMultiPolygon.m; sourceTree = "<group>"; };
		48A3A25C1934F67B0019B082 /* TFMultiPolygonTests.m */ = {isa = PBXFileReference; fileEncoding = 4; lastKnownFileType = sourcecode.c.objc; path = TFMultiPolygonTests.m; sourceTree = "<group>"; };
		48CFCC95192D632D00028043 /* TFPolygonTests.m */ = {isa = PBXFileReference; fileEncoding = 4; lastKnownFileType = sourcecode.c.objc; path = TFPolygonTests.m; sourceTree = "<group>"; };
		67EF20CA053EDF8FC9907611 /* circle.geojson */ = {isa = PBXFileReference; lastKnownFileType = file.geojson; path = circle.geojson; sourceTree = "<group>"; };
		67EF2101559A2387C063F19D /* multi_point.geojson */ = {isa = PBXFileReference; lastKnownFileType = file.geojson; path = multi_point.geojson; sourceTree = "<group>"; };
		67EF22635E82A1E8D9306C4B /* TFGeometryTests.m */ = {isa = PBXFileReference; fileEncoding = 4; lastKnownFileType = sourcecode.c.objc; path = TFGeometryTests.m; sourceTree = "<group>"; };
		67EF22D834EFF66C1AF21827 /* multi_line_string.geojson */ = {isa = PBXFileReference; lastKnownFileType = file.geojson; path = multi_line_string.geojson; sourceTree = "<group>"; };
		67EF26A11957E87AD8EDC4C4 /* TFFeatureCollection.m */ = {isa = PBXFileReference; fileEncoding = 4; lastKnownFileType = sourcecode.c.objc; path = TFFeatureCollection.m; sourceTree = "<group>"; };
		67EF2721182CD736DD336732 /* TFGeometryCollectionTests.m */ = {isa = PBXFileReference; fileEncoding = 4; lastKnownFileType = sourcecode.c.objc; path = TFGeometryCollectionTests.m; sourceTree = "<group>"; };
		67EF27425FADD76487F656ED /* geometry_collection.geojson */ = {isa = PBXFileReference; lastKnownFileType = file.geojson; path = geometry_collection.geojson; sourceTree = "<group>"; };
		67EF285E136E3BF5420C54FD /* sf_county.geojson */ = {isa = PBXFileReference; lastKnownFileType = file.geojson; path = sf_county.geojson; sourceTree = "<group>"; };
		67EF2B2CA923602939919F11 /* waldocanyon.geojson */ = {isa = PBXFileReference; lastKnownFileType = file.geojson; path = waldocanyon.geojson; sourceTree = "<group>"; };
		67EF2B866248864DF38AF06A /* TFCoordinate.m */ = {isa = PBXFileReference; fileEncoding = 4; lastKnownFileType = sourcecode.c.objc; path = TFCoordinate.m; sourceTree = "<group>"; };
		67EF2C10441390000B24FECB /* polygon_with_holes.geojson */ = {isa = PBXFileReference; lastKnownFileType = file.geojson; path = polygon_with_holes.geojson; sourceTree = "<group>"; };
		67EF2CC1028B09B2FC1D13D5 /* line_string.geojson */ = {isa = PBXFileReference; lastKnownFileType = file.geojson; path = line_string.geojson; sourceTree = "<group>"; };
		67EF2D13DD6F6E01BA26204E /* TFTestData.h */ = {isa = PBXFileReference; fileEncoding = 4; lastKnownFileType = sourcecode.c.h; path = TFTestData.h; sourceTree = "<group>"; };
		67EF2D5294B9D6CAA2352949 /* polygon.geojson */ = {isa = PBXFileReference; lastKnownFileType = file.geojson; path = polygon.geojson; sourceTree = "<group>"; };
		67EF2DE349CFB816B9FD0C25 /* point.geojson */ = {isa = PBXFileReference; lastKnownFileType = file.geojson; path = point.geojson; sourceTree = "<group>"; };
		67EF2ED4200B7451704252E0 /* multi_polygon.geojson */ = {isa = PBXFileReference; lastKnownFileType = file.geojson; path = multi_polygon.geojson; sourceTree = "<group>"; };
		67EF2F0D32160786F253213E /* TFCoordinate.h */ = {isa = PBXFileReference; fileEncoding = 4; lastKnownFileType = sourcecode.c.h; path = TFCoordinate.h; sourceTree = "<group>"; };
		67EF2F10853B96256D514395 /* TFFeatureCollection.h */ = {isa = PBXFileReference; fileEncoding = 4; lastKnownFileType = sourcecode.c.h; path = TFFeatureCollection.h; sourceTree = "<group>"; };
		67EF2FC8C882856E440EDC05 /* TFTestData.m */ = {isa = PBXFileReference; fileEncoding = 4; lastKnownFileType = sourcecode.c.objc; path = TFTestData.m; sourceTree = "<group>"; };
		9442E123192C0FF500CAC58B /* TFPrimitive.h */ = {isa = PBXFileReference; fileEncoding = 4; lastKnownFileType = sourcecode.c.h; path = TFPrimitive.h; sourceTree = "<group>"; };
		9442E126192C180100CAC58B /* TFGeometry.h */ = {isa = PBXFileReference; fileEncoding = 4; lastKnownFileType = sourcecode.c.h; path = TFGeometry.h; sourceTree = "<group>"; };
		9442E127192C180100CAC58B /* TFGeometry.m */ = {isa = PBXFileReference; fileEncoding = 4; lastKnownFileType = sourcecode.c.objc; path = TFGeometry.m; sourceTree = "<group>"; };
		9442E129192C183E00CAC58B /* TFPolygon.h */ = {isa = PBXFileReference; fileEncoding = 4; lastKnownFileType = sourcecode.c.h; path = TFPolygon.h; sourceTree = "<group>"; };
		9442E12A192C183E00CAC58B /* TFPolygon.m */ = {isa = PBXFileReference; fileEncoding = 4; lastKnownFileType = sourcecode.c.objc; path = TFPolygon.m; sourceTree = "<group>"; };
		94D59AD2192C06A400A8E6F8 /* libTerraformer.a */ = {isa = PBXFileReference; explicitFileType = archive.ar; includeInIndex = 0; path = libTerraformer.a; sourceTree = BUILT_PRODUCTS_DIR; };
		94D59AD5192C06A400A8E6F8 /* Foundation.framework */ = {isa = PBXFileReference; lastKnownFileType = wrapper.framework; name = Foundation.framework; path = System/Library/Frameworks/Foundation.framework; sourceTree = SDKROOT; };
		94D59AD9192C06A400A8E6F8 /* Terraformer-Prefix.pch */ = {isa = PBXFileReference; lastKnownFileType = sourcecode.c.h; path = "Terraformer-Prefix.pch"; sourceTree = "<group>"; };
		94D59ADA192C06A400A8E6F8 /* Terraformer.h */ = {isa = PBXFileReference; lastKnownFileType = sourcecode.c.h; path = Terraformer.h; sourceTree = "<group>"; };
		94D59ADC192C06A400A8E6F8 /* Terraformer.m */ = {isa = PBXFileReference; lastKnownFileType = sourcecode.c.objc; path = Terraformer.m; sourceTree = "<group>"; };
		94D59AE2192C06A400A8E6F8 /* TerraformerTests.xctest */ = {isa = PBXFileReference; explicitFileType = wrapper.cfbundle; includeInIndex = 0; path = TerraformerTests.xctest; sourceTree = BUILT_PRODUCTS_DIR; };
		94D59AE3192C06A400A8E6F8 /* XCTest.framework */ = {isa = PBXFileReference; lastKnownFileType = wrapper.framework; name = XCTest.framework; path = Library/Frameworks/XCTest.framework; sourceTree = DEVELOPER_DIR; };
		94D59AED192C06A400A8E6F8 /* TerraformerTests-Info.plist */ = {isa = PBXFileReference; lastKnownFileType = text.plist.xml; path = "TerraformerTests-Info.plist"; sourceTree = "<group>"; };
		94D59AEF192C06A400A8E6F8 /* en */ = {isa = PBXFileReference; lastKnownFileType = text.plist.strings; name = en; path = en.lproj/InfoPlist.strings; sourceTree = "<group>"; };
		94D59AF1192C06A400A8E6F8 /* TerraformerTests.m */ = {isa = PBXFileReference; lastKnownFileType = sourcecode.c.objc; path = TerraformerTests.m; sourceTree = "<group>"; };
		BD9F7F501934F87E0037C015 /* TFMultiLineString.h */ = {isa = PBXFileReference; fileEncoding = 4; lastKnownFileType = sourcecode.c.h; path = TFMultiLineString.h; sourceTree = "<group>"; };
		BD9F7F511934F87E0037C015 /* TFMultiLineString.m */ = {isa = PBXFileReference; fileEncoding = 4; lastKnownFileType = sourcecode.c.objc; path = TFMultiLineString.m; sourceTree = "<group>"; };
		BD9F7F53193536940037C015 /* TFMultiLineStringTests.m */ = {isa = PBXFileReference; fileEncoding = 4; lastKnownFileType = sourcecode.c.objc; path = TFMultiLineStringTests.m; sourceTree = "<group>"; };
		BDED1CA5192D3730005F7477 /* TFLineString.h */ = {isa = PBXFileReference; fileEncoding = 4; lastKnownFileType = sourcecode.c.h; path = TFLineString.h; sourceTree = "<group>"; };
		BDED1CA6192D3730005F7477 /* TFLineString.m */ = {isa = PBXFileReference; fileEncoding = 4; lastKnownFileType = sourcecode.c.objc; path = TFLineString.m; sourceTree = "<group>"; };
		BDED1CA8192D5677005F7477 /* TFLineStringTests.m */ = {isa = PBXFileReference; fileEncoding = 4; lastKnownFileType = sourcecode.c.objc; path = TFLineStringTests.m; sourceTree = "<group>"; };
		BDED1CAA192D5EAF005F7477 /* TFCoordinateTests.m */ = {isa = PBXFileReference; fileEncoding = 4; lastKnownFileType = sourcecode.c.objc; path = TFCoordinateTests.m; sourceTree = "<group>"; };
		BE6DD6F2192D1B72002DAE4D /* TFConstants.h */ = {isa = PBXFileReference; fileEncoding = 4; lastKnownFileType = sourcecode.c.h; path = TFConstants.h; sourceTree = "<group>"; };
/* End PBXFileReference section */

/* Begin PBXFrameworksBuildPhase section */
		94D59ACF192C06A400A8E6F8 /* Frameworks */ = {
			isa = PBXFrameworksBuildPhase;
			buildActionMask = 2147483647;
			files = (
				94D59AD6192C06A400A8E6F8 /* Foundation.framework in Frameworks */,
			);
			runOnlyForDeploymentPostprocessing = 0;
		};
		94D59ADF192C06A400A8E6F8 /* Frameworks */ = {
			isa = PBXFrameworksBuildPhase;
			buildActionMask = 2147483647;
			files = (
				0361DF74192E78A300386F4A /* XCTest.framework in Frameworks */,
				94D59AE5192C06A400A8E6F8 /* Foundation.framework in Frameworks */,
				94D59AEA192C06A400A8E6F8 /* libTerraformer.a in Frameworks */,
			);
			runOnlyForDeploymentPostprocessing = 0;
		};
/* End PBXFrameworksBuildPhase section */

/* Begin PBXGroup section */
		67EF2E3DEA7C8124AE78A7F5 /* examples */ = {
			isa = PBXGroup;
			children = (
				67EF2DE349CFB816B9FD0C25 /* point.geojson */,
				67EF20CA053EDF8FC9907611 /* circle.geojson */,
				67EF2D5294B9D6CAA2352949 /* polygon.geojson */,
				67EF285E136E3BF5420C54FD /* sf_county.geojson */,
				67EF2CC1028B09B2FC1D13D5 /* line_string.geojson */,
				67EF2101559A2387C063F19D /* multi_point.geojson */,
				67EF2B2CA923602939919F11 /* waldocanyon.geojson */,
				67EF2ED4200B7451704252E0 /* multi_polygon.geojson */,
				67EF22D834EFF66C1AF21827 /* multi_line_string.geojson */,
				67EF2C10441390000B24FECB /* polygon_with_holes.geojson */,
				67EF27425FADD76487F656ED /* geometry_collection.geojson */,
			);
			path = examples;
			sourceTree = "<group>";
		};
		9442E12C192C188600CAC58B /* Geometries */ = {
			isa = PBXGroup;
			children = (
				9442E126192C180100CAC58B /* TFGeometry.h */,
				9442E127192C180100CAC58B /* TFGeometry.m */,
				200B46A2192C2308009C5B22 /* TFGeometry+Protected.h */,
				200B46A3192C2308009C5B22 /* TFGeometry+Protected.m */,
				BDED1CA5192D3730005F7477 /* TFLineString.h */,
				BDED1CA6192D3730005F7477 /* TFLineString.m */,
				BD9F7F501934F87E0037C015 /* TFMultiLineString.h */,
				BD9F7F511934F87E0037C015 /* TFMultiLineString.m */,
				9442E129192C183E00CAC58B /* TFPolygon.h */,
				9442E12A192C183E00CAC58B /* TFPolygon.m */,
				4890CBF3192EBFF200C467DF /* TFMultiPolygon.h */,
				4890CBF4192EBFF200C467DF /* TFMultiPolygon.m */,
				202A6207192D613000A0E84F /* TFPoint.h */,
				202A6208192D613000A0E84F /* TFPoint.m */,
				67EF2F0D32160786F253213E /* TFCoordinate.h */,
				67EF2B866248864DF38AF06A /* TFCoordinate.m */,
				48838E58192EB2A400EB093A /* TFGeometryCollection.h */,
				48838E59192EB2A400EB093A /* TFGeometryCollection.m */,
			);
			name = Geometries;
			sourceTree = "<group>";
		};
		94D59AC9192C06A400A8E6F8 = {
			isa = PBXGroup;
			children = (
				94D59AD7192C06A400A8E6F8 /* Terraformer */,
				94D59AEB192C06A400A8E6F8 /* TerraformerTests */,
				94D59AD4192C06A400A8E6F8 /* Frameworks */,
				94D59AD3192C06A400A8E6F8 /* Products */,
			);
			sourceTree = "<group>";
		};
		94D59AD3192C06A400A8E6F8 /* Products */ = {
			isa = PBXGroup;
			children = (
				94D59AD2192C06A400A8E6F8 /* libTerraformer.a */,
				94D59AE2192C06A400A8E6F8 /* TerraformerTests.xctest */,
			);
			name = Products;
			sourceTree = "<group>";
		};
		94D59AD4192C06A400A8E6F8 /* Frameworks */ = {
			isa = PBXGroup;
			children = (
				94D59AD5192C06A400A8E6F8 /* Foundation.framework */,
				94D59AE3192C06A400A8E6F8 /* XCTest.framework */,
			);
			name = Frameworks;
			sourceTree = "<group>";
		};
		94D59AD7192C06A400A8E6F8 /* Terraformer */ = {
			isa = PBXGroup;
			children = (
				9442E12C192C188600CAC58B /* Geometries */,
				94D59ADA192C06A400A8E6F8 /* Terraformer.h */,
				94D59ADC192C06A400A8E6F8 /* Terraformer.m */,
				BE6DD6F2192D1B72002DAE4D /* TFConstants.h */,
				9442E123192C0FF500CAC58B /* TFPrimitive.h */,
				31DE5473CC8C338AB093CBD2 /* TFFeature.h */,
				31DE5C0B269CCB85AD073BC8 /* TFFeature.m */,
				67EF2F10853B96256D514395 /* TFFeatureCollection.h */,
				67EF26A11957E87AD8EDC4C4 /* TFFeatureCollection.m */,
				94D59AD8192C06A400A8E6F8 /* Supporting Files */,
			);
			path = Terraformer;
			sourceTree = "<group>";
		};
		94D59AD8192C06A400A8E6F8 /* Supporting Files */ = {
			isa = PBXGroup;
			children = (
				94D59AD9192C06A400A8E6F8 /* Terraformer-Prefix.pch */,
			);
			name = "Supporting Files";
			sourceTree = "<group>";
		};
		94D59AEB192C06A400A8E6F8 /* TerraformerTests */ = {
			isa = PBXGroup;
			children = (
				94D59AF1192C06A400A8E6F8 /* TerraformerTests.m */,
				48CFCC95192D632D00028043 /* TFPolygonTests.m */,
				48A3A25C1934F67B0019B082 /* TFMultiPolygonTests.m */,
				BDED1CAA192D5EAF005F7477 /* TFCoordinateTests.m */,
				BDED1CA8192D5677005F7477 /* TFLineStringTests.m */,
				BD9F7F53193536940037C015 /* TFMultiLineStringTests.m */,
				94D59AEC192C06A400A8E6F8 /* Supporting Files */,
				67EF22635E82A1E8D9306C4B /* TFGeometryTests.m */,
				67EF2721182CD736DD336732 /* TFGeometryCollectionTests.m */,
				31DE5F5402791C18DB3F2116 /* TFFeatureTests.m */,
				31DE57BB9C33BFABB67055A4 /* TFFeatureCollectionTests.m */,
				31DE543BBE86E425E6A8187A /* TFPointTests.m */,
				67EF2FC8C882856E440EDC05 /* TFTestData.m */,
				67EF2D13DD6F6E01BA26204E /* TFTestData.h */,
				94D59AEC192C06A400A8E6F8 /* Supporting Files */,
				67EF2E3DEA7C8124AE78A7F5 /* examples */,
			);
			path = TerraformerTests;
			sourceTree = "<group>";
		};
		94D59AEC192C06A400A8E6F8 /* Supporting Files */ = {
			isa = PBXGroup;
			children = (
				94D59AED192C06A400A8E6F8 /* TerraformerTests-Info.plist */,
				94D59AEE192C06A400A8E6F8 /* InfoPlist.strings */,
			);
			name = "Supporting Files";
			sourceTree = "<group>";
		};
/* End PBXGroup section */

/* Begin PBXNativeTarget section */
		94D59AD1192C06A400A8E6F8 /* Terraformer */ = {
			isa = PBXNativeTarget;
			buildConfigurationList = 94D59AF5192C06A400A8E6F8 /* Build configuration list for PBXNativeTarget "Terraformer" */;
			buildPhases = (
				94D59ACE192C06A400A8E6F8 /* Sources */,
				94D59ACF192C06A400A8E6F8 /* Frameworks */,
				94D59AD0192C06A400A8E6F8 /* CopyFiles */,
			);
			buildRules = (
			);
			dependencies = (
			);
			name = Terraformer;
			productName = Terraformer;
			productReference = 94D59AD2192C06A400A8E6F8 /* libTerraformer.a */;
			productType = "com.apple.product-type.library.static";
		};
		94D59AE1192C06A400A8E6F8 /* TerraformerTests */ = {
			isa = PBXNativeTarget;
			buildConfigurationList = 94D59AF8192C06A400A8E6F8 /* Build configuration list for PBXNativeTarget "TerraformerTests" */;
			buildPhases = (
				94D59ADE192C06A400A8E6F8 /* Sources */,
				94D59ADF192C06A400A8E6F8 /* Frameworks */,
				94D59AE0192C06A400A8E6F8 /* Resources */,
			);
			buildRules = (
			);
			dependencies = (
				94D59AE9192C06A400A8E6F8 /* PBXTargetDependency */,
			);
			name = TerraformerTests;
			productName = TerraformerTests;
			productReference = 94D59AE2192C06A400A8E6F8 /* TerraformerTests.xctest */;
			productType = "com.apple.product-type.bundle.unit-test";
		};
/* End PBXNativeTarget section */

/* Begin PBXProject section */
		94D59ACA192C06A400A8E6F8 /* Project object */ = {
			isa = PBXProject;
			attributes = {
				CLASSPREFIX = TF;
				LastUpgradeCheck = 0510;
				ORGANIZATIONNAME = pdx.esri.com;
			};
			buildConfigurationList = 94D59ACD192C06A400A8E6F8 /* Build configuration list for PBXProject "Terraformer" */;
			compatibilityVersion = "Xcode 3.2";
			developmentRegion = English;
			hasScannedForEncodings = 0;
			knownRegions = (
				en,
			);
			mainGroup = 94D59AC9192C06A400A8E6F8;
			productRefGroup = 94D59AD3192C06A400A8E6F8 /* Products */;
			projectDirPath = "";
			projectRoot = "";
			targets = (
				94D59AD1192C06A400A8E6F8 /* Terraformer */,
				94D59AE1192C06A400A8E6F8 /* TerraformerTests */,
			);
		};
/* End PBXProject section */

/* Begin PBXResourcesBuildPhase section */
		94D59AE0192C06A400A8E6F8 /* Resources */ = {
			isa = PBXResourcesBuildPhase;
			buildActionMask = 2147483647;
			files = (
				94D59AF0192C06A400A8E6F8 /* InfoPlist.strings in Resources */,
				67EF29971599F34BC9D69241 /* point.geojson in Resources */,
				67EF29AA640A6861CE06D534 /* circle.geojson in Resources */,
				67EF2B1FC0A399C1BD3B01ED /* polygon.geojson in Resources */,
				67EF2700606A41D6FCA3903F /* sf_county.geojson in Resources */,
				67EF2F69CA9AD6B532E24B8D /* line_string.geojson in Resources */,
				67EF25A576B14158165C3837 /* multi_point.geojson in Resources */,
				67EF2AC8095A07EA5B67E0C2 /* waldocanyon.geojson in Resources */,
				67EF219FDD0D2A56029B6348 /* multi_polygon.geojson in Resources */,
				67EF200D6ADE1BDBA36761B1 /* multi_line_string.geojson in Resources */,
				67EF296C8D721692F43BAA49 /* polygon_with_holes.geojson in Resources */,
				67EF297F0C5C03245D795EBF /* geometry_collection.geojson in Resources */,
			);
			runOnlyForDeploymentPostprocessing = 0;
		};
/* End PBXResourcesBuildPhase section */

/* Begin PBXSourcesBuildPhase section */
		94D59ACE192C06A400A8E6F8 /* Sources */ = {
			isa = PBXSourcesBuildPhase;
			buildActionMask = 2147483647;
			files = (
				0361DF76192E8D9C00386F4A /* TFFeature.m in Sources */,
				949E5406192D3A110095526D /* TFGeometry+Protected.m in Sources */,
				BD9F7F521934F87E0037C015 /* TFMultiLineString.m in Sources */,
				94D59ADD192C06A400A8E6F8 /* Terraformer.m in Sources */,
				9442E128192C180100CAC58B /* TFGeometry.m in Sources */,
				9442E12B192C183E00CAC58B /* TFPolygon.m in Sources */,
				48838E5A192EB2A400EB093A /* TFGeometryCollection.m in Sources */,
				BDED1CA7192D3730005F7477 /* TFLineString.m in Sources */,
				202A6209192D613000A0E84F /* TFPoint.m in Sources */,
				4890CBF5192EBFF200C467DF /* TFMultiPolygon.m in Sources */,
				67EF29AD81CC2928D4623CB5 /* TFCoordinate.m in Sources */,
				67EF21B91B4EA6C012B4118A /* TFFeatureCollection.m in Sources */,
			);
			runOnlyForDeploymentPostprocessing = 0;
		};
		94D59ADE192C06A400A8E6F8 /* Sources */ = {
			isa = PBXSourcesBuildPhase;
			buildActionMask = 2147483647;
			files = (
				0361DF75192E7A3100386F4A /* TFFeatureTests.m in Sources */,
				48CFCC96192D632D00028043 /* TFPolygonTests.m in Sources */,
				BDED1CA9192D5677005F7477 /* TFLineStringTests.m in Sources */,
				BDED1CAB192D5EAF005F7477 /* TFCoordinateTests.m in Sources */,
				BD9F7F54193536940037C015 /* TFMultiLineStringTests.m in Sources */,
				94D59AF2192C06A400A8E6F8 /* TerraformerTests.m in Sources */,
				67EF2BB2F667FDF33F4020F4 /* TFGeometryTests.m in Sources */,
				67EF26771008039AF67B5DDB /* TFGeometryCollectionTests.m in Sources */,
				31DE58BB58955B8CCFB3DEDD /* TFFeatureCollectionTests.m in Sources */,
				48A3A25D1934F67B0019B082 /* TFMultiPolygonTests.m in Sources */,
				31DE52725BC7EBA01CB8148D /* TFPointTests.m in Sources */,
				67EF2906986B35C50D830C30 /* TFTestData.m in Sources */,
			);
			runOnlyForDeploymentPostprocessing = 0;
		};
/* End PBXSourcesBuildPhase section */

/* Begin PBXTargetDependency section */
		94D59AE9192C06A400A8E6F8 /* PBXTargetDependency */ = {
			isa = PBXTargetDependency;
			target = 94D59AD1192C06A400A8E6F8 /* Terraformer */;
			targetProxy = 94D59AE8192C06A400A8E6F8 /* PBXContainerItemProxy */;
		};
/* End PBXTargetDependency section */

/* Begin PBXVariantGroup section */
		94D59AEE192C06A400A8E6F8 /* InfoPlist.strings */ = {
			isa = PBXVariantGroup;
			children = (
				94D59AEF192C06A400A8E6F8 /* en */,
			);
			name = InfoPlist.strings;
			sourceTree = "<group>";
		};
/* End PBXVariantGroup section */

/* Begin XCBuildConfiguration section */
		94D59AF3192C06A400A8E6F8 /* Debug */ = {
			isa = XCBuildConfiguration;
			buildSettings = {
				ALWAYS_SEARCH_USER_PATHS = NO;
				CLANG_CXX_LANGUAGE_STANDARD = "gnu++0x";
				CLANG_CXX_LIBRARY = "libc++";
				CLANG_ENABLE_MODULES = YES;
				CLANG_ENABLE_OBJC_ARC = YES;
				CLANG_WARN_BOOL_CONVERSION = YES;
				CLANG_WARN_CONSTANT_CONVERSION = YES;
				CLANG_WARN_DIRECT_OBJC_ISA_USAGE = YES_ERROR;
				CLANG_WARN_EMPTY_BODY = YES;
				CLANG_WARN_ENUM_CONVERSION = YES;
				CLANG_WARN_INT_CONVERSION = YES;
				CLANG_WARN_OBJC_ROOT_CLASS = YES_ERROR;
				CLANG_WARN__DUPLICATE_METHOD_MATCH = YES;
				COPY_PHASE_STRIP = NO;
				GCC_C_LANGUAGE_STANDARD = gnu99;
				GCC_DYNAMIC_NO_PIC = NO;
				GCC_OPTIMIZATION_LEVEL = 0;
				GCC_PREPROCESSOR_DEFINITIONS = (
					"DEBUG=1",
					"$(inherited)",
				);
				GCC_SYMBOLS_PRIVATE_EXTERN = NO;
				GCC_WARN_64_TO_32_BIT_CONVERSION = YES;
				GCC_WARN_ABOUT_RETURN_TYPE = YES_ERROR;
				GCC_WARN_UNDECLARED_SELECTOR = YES;
				GCC_WARN_UNINITIALIZED_AUTOS = YES_AGGRESSIVE;
				GCC_WARN_UNUSED_FUNCTION = YES;
				GCC_WARN_UNUSED_VARIABLE = YES;
				IPHONEOS_DEPLOYMENT_TARGET = 7.1;
				ONLY_ACTIVE_ARCH = YES;
				SDKROOT = iphoneos;
			};
			name = Debug;
		};
		94D59AF4192C06A400A8E6F8 /* Release */ = {
			isa = XCBuildConfiguration;
			buildSettings = {
				ALWAYS_SEARCH_USER_PATHS = NO;
				CLANG_CXX_LANGUAGE_STANDARD = "gnu++0x";
				CLANG_CXX_LIBRARY = "libc++";
				CLANG_ENABLE_MODULES = YES;
				CLANG_ENABLE_OBJC_ARC = YES;
				CLANG_WARN_BOOL_CONVERSION = YES;
				CLANG_WARN_CONSTANT_CONVERSION = YES;
				CLANG_WARN_DIRECT_OBJC_ISA_USAGE = YES_ERROR;
				CLANG_WARN_EMPTY_BODY = YES;
				CLANG_WARN_ENUM_CONVERSION = YES;
				CLANG_WARN_INT_CONVERSION = YES;
				CLANG_WARN_OBJC_ROOT_CLASS = YES_ERROR;
				CLANG_WARN__DUPLICATE_METHOD_MATCH = YES;
				COPY_PHASE_STRIP = YES;
				ENABLE_NS_ASSERTIONS = NO;
				GCC_C_LANGUAGE_STANDARD = gnu99;
				GCC_WARN_64_TO_32_BIT_CONVERSION = YES;
				GCC_WARN_ABOUT_RETURN_TYPE = YES_ERROR;
				GCC_WARN_UNDECLARED_SELECTOR = YES;
				GCC_WARN_UNINITIALIZED_AUTOS = YES_AGGRESSIVE;
				GCC_WARN_UNUSED_FUNCTION = YES;
				GCC_WARN_UNUSED_VARIABLE = YES;
				IPHONEOS_DEPLOYMENT_TARGET = 7.1;
				SDKROOT = iphoneos;
				VALIDATE_PRODUCT = YES;
			};
			name = Release;
		};
		94D59AF6192C06A400A8E6F8 /* Debug */ = {
			isa = XCBuildConfiguration;
			buildSettings = {
				DSTROOT = /tmp/Terraformer.dst;
				GCC_PRECOMPILE_PREFIX_HEADER = YES;
				GCC_PREFIX_HEADER = "Terraformer/Terraformer-Prefix.pch";
				OTHER_LDFLAGS = "-ObjC";
				PRODUCT_NAME = "$(TARGET_NAME)";
				SKIP_INSTALL = YES;
			};
			name = Debug;
		};
		94D59AF7192C06A400A8E6F8 /* Release */ = {
			isa = XCBuildConfiguration;
			buildSettings = {
				DSTROOT = /tmp/Terraformer.dst;
				GCC_PRECOMPILE_PREFIX_HEADER = YES;
				GCC_PREFIX_HEADER = "Terraformer/Terraformer-Prefix.pch";
				OTHER_LDFLAGS = "-ObjC";
				PRODUCT_NAME = "$(TARGET_NAME)";
				SKIP_INSTALL = YES;
			};
			name = Release;
		};
		94D59AF9192C06A400A8E6F8 /* Debug */ = {
			isa = XCBuildConfiguration;
			buildSettings = {
				FRAMEWORK_SEARCH_PATHS = (
					"$(SDKROOT)/Developer/Library/Frameworks",
					"$(inherited)",
					"$(DEVELOPER_FRAMEWORKS_DIR)",
				);
				GCC_PRECOMPILE_PREFIX_HEADER = YES;
				GCC_PREFIX_HEADER = "Terraformer/Terraformer-Prefix.pch";
				GCC_PREPROCESSOR_DEFINITIONS = (
					"DEBUG=1",
					"$(inherited)",
				);
				INFOPLIST_FILE = "TerraformerTests/TerraformerTests-Info.plist";
				OTHER_LDFLAGS = (
					"$(inherited)",
					"-framework",
					XCTest,
					"-ObjC",
				);
				PRODUCT_NAME = "$(TARGET_NAME)";
				WRAPPER_EXTENSION = xctest;
			};
			name = Debug;
		};
		94D59AFA192C06A400A8E6F8 /* Release */ = {
			isa = XCBuildConfiguration;
			buildSettings = {
				FRAMEWORK_SEARCH_PATHS = (
					"$(SDKROOT)/Developer/Library/Frameworks",
					"$(inherited)",
					"$(DEVELOPER_FRAMEWORKS_DIR)",
				);
				GCC_PRECOMPILE_PREFIX_HEADER = YES;
				GCC_PREFIX_HEADER = "Terraformer/Terraformer-Prefix.pch";
				INFOPLIST_FILE = "TerraformerTests/TerraformerTests-Info.plist";
				OTHER_LDFLAGS = (
					"$(inherited)",
					"-framework",
					XCTest,
					"-ObjC",
				);
				PRODUCT_NAME = "$(TARGET_NAME)";
				WRAPPER_EXTENSION = xctest;
			};
			name = Release;
		};
/* End XCBuildConfiguration section */

/* Begin XCConfigurationList section */
		94D59ACD192C06A400A8E6F8 /* Build configuration list for PBXProject "Terraformer" */ = {
			isa = XCConfigurationList;
			buildConfigurations = (
				94D59AF3192C06A400A8E6F8 /* Debug */,
				94D59AF4192C06A400A8E6F8 /* Release */,
			);
			defaultConfigurationIsVisible = 0;
			defaultConfigurationName = Release;
		};
		94D59AF5192C06A400A8E6F8 /* Build configuration list for PBXNativeTarget "Terraformer" */ = {
			isa = XCConfigurationList;
			buildConfigurations = (
				94D59AF6192C06A400A8E6F8 /* Debug */,
				94D59AF7192C06A400A8E6F8 /* Release */,
			);
			defaultConfigurationIsVisible = 0;
			defaultConfigurationName = Release;
		};
		94D59AF8192C06A400A8E6F8 /* Build configuration list for PBXNativeTarget "TerraformerTests" */ = {
			isa = XCConfigurationList;
			buildConfigurations = (
				94D59AF9192C06A400A8E6F8 /* Debug */,
				94D59AFA192C06A400A8E6F8 /* Release */,
			);
			defaultConfigurationIsVisible = 0;
			defaultConfigurationName = Release;
		};
/* End XCConfigurationList section */
	};
	rootObject = 94D59ACA192C06A400A8E6F8 /* Project object */;
}
